
Microsoft Visual Studio Solution File, Format Version 12.00
Project("{FAE04EC0-301F-11D3-BF4B-00C04F79EFBC}") = "ZPI", "ZPI.csproj", "{59777BDF-3E5E-4C3B-BA64-18A9CBF44C94}"
EndProject
Global
	GlobalSection(SolutionConfigurationPlatforms) = preSolution
		Debug|Any CPU = Debug|Any CPU
		Release|Any CPU = Release|Any CPU
	EndGlobalSection
	GlobalSection(ProjectConfigurationPlatforms) = postSolution
		{59777BDF-3E5E-4C3B-BA64-18A9CBF44C94}.Debug|Any CPU.ActiveCfg = Debug|Any CPU
		{59777BDF-3E5E-4C3B-BA64-18A9CBF44C94}.Debug|Any CPU.Build.0 = Debug|Any CPU
		{59777BDF-3E5E-4C3B-BA64-18A9CBF44C94}.Release|Any CPU.ActiveCfg = Release|Any CPU
		{59777BDF-3E5E-4C3B-BA64-18A9CBF44C94}.Release|Any CPU.Build.0 = Release|Any CPU
	EndGlobalSection
EndGlobal
